{"1.2.0",
[{<<"cowboy">>,{pkg,<<"cowboy">>,<<"2.6.1">>},0},
 {<<"cowlib">>,{pkg,<<"cowlib">>,<<"2.7.3">>},1},
 {<<"erlydtl">>,{pkg,<<"erlydtl">>,<<"0.13.1">>},0},
 {<<"jhn_stdlib">>,{pkg,<<"jhn_stdlib">>,<<"3.4.3">>},0},
 {<<"nova_modern">>,{pkg,<<"nova_modern">>,<<"0.1.2">>},0},
 {<<"quickrand">>,{pkg,<<"quickrand">>,<<"1.7.5">>},1},
 {<<"ranch">>,{pkg,<<"ranch">>,<<"1.7.1">>},1},
 {<<"uuid_erl">>,{pkg,<<"uuid_erl">>,<<"1.7.5">>},0}]}.
[
{pkg_hash,[
 {<<"cowboy">>, <<"F2E06F757C337B3B311F9437E6E072B678FCD71545A7B2865BDAA154D078593F">>},
 {<<"cowlib">>, <<"A7FFCD0917E6D50B4D5FB28E9E2085A0CEB3C97DEA310505F7460FF5ED764CE9">>},
 {<<"erlydtl">>, <<"91481928557544C843E2B33F8AA17693F16B65EEBC9EF08C71EBE90CBD1A84F1">>},
 {<<"jhn_stdlib">>, <<"F27A0F71F79C54AF79E8E7C1DFC5BE15969F8399ABC0EBDF5B201EB442FCDFD7">>},
 {<<"nova_modern">>, <<"FAE73F0A576F1208F1456FA09B4D11381CB180068182E3A0A3A1526265C6B83D">>},
 {<<"quickrand">>, <<"E3086A153EB13A057FC19192D05E2D4C6BB2BDBB55746A699BEAE9847AC17CA8">>},
 {<<"ranch">>, <<"6B1FAB51B49196860B733A49C07604465A47BDB78AA10C1C16A3D199F7F8C881">>},
 {<<"uuid_erl">>, <<"3862FF9A21C42566DFD0376B97512FA202922897129E09A05E2AFA0D9CAFD97A">>}]},
{pkg_hash_ext,[
 {<<"cowboy">>, <<"41C14336E40D78D3BB655E76817D9F29DEF522024A5BB53894C27E0AE338CDA0">>},
 {<<"cowlib">>, <<"1E1A3D176D52DAEBBECBBCDFD27C27726076567905C2A9D7398C54DA9D225761">>},
 {<<"erlydtl">>, <<"A366C4CD32E8B54D7D0825AA51EF6A12C35D6D558BEFFC276275AD335B1FDBED">>},
 {<<"jhn_stdlib">>, <<"15F38D1EB9F0DD15FFB070633E3D0263072A439BC0A9A7F79ECDCB6575D3CD04">>},
 {<<"nova_modern">>, <<"7FD631200734C8ECF34FE550A8B70D9B6629AB4BEFD6EF9AD02CDB113EF2DAA0">>},
 {<<"quickrand">>, <<"6A1DA81FE098C0DFCFB55C5E35C20BE430128E88BBFA03D18FCF9E0EE8E342D7">>},
 {<<"ranch">>, <<"451D8527787DF716D99DC36162FCA05934915DB0B6141BBDAC2EA8D3C7AFC7D7">>},
 {<<"uuid_erl">>, <<"6529F1C5D8C6B796374318FD1966659FAA6EE832C914E93B1DEB1D4701694AA9">>}]}
].
