{"1.2.0",
[{<<"cowboy">>,{pkg,<<"cowboy">>,<<"2.8.0">>},0},
 {<<"cowlib">>,{pkg,<<"cowlib">>,<<"2.9.1">>},1},
 {<<"erlydtl">>,{pkg,<<"erlydtl">>,<<"0.13.1">>},0},
 {<<"jhn_stdlib">>,{pkg,<<"jhn_stdlib">>,<<"3.4.3">>},0},
 {<<"nova_modern">>,{pkg,<<"nova_modern">>,<<"0.1.3">>},0},
 {<<"quickrand">>,{pkg,<<"quickrand">>,<<"1.7.5">>},1},
 {<<"ranch">>,{pkg,<<"ranch">>,<<"1.7.1">>},1},
 {<<"uuid_erl">>,{pkg,<<"uuid_erl">>,<<"1.7.5">>},0}]}.
[
{pkg_hash,[
 {<<"cowboy">>, <<"F3DC62E35797ECD9AC1B50DB74611193C29815401E53BAC9A5C0577BD7BC667D">>},
 {<<"cowlib">>, <<"61A6C7C50CF07FDD24B2F45B89500BB93B6686579B069A89F88CB211E1125C78">>},
 {<<"erlydtl">>, <<"91481928557544C843E2B33F8AA17693F16B65EEBC9EF08C71EBE90CBD1A84F1">>},
 {<<"jhn_stdlib">>, <<"F27A0F71F79C54AF79E8E7C1DFC5BE15969F8399ABC0EBDF5B201EB442FCDFD7">>},
 {<<"nova_modern">>, <<"A378ED8C84D030545353FD1621D44603F551C99595B9ADCD87544837A7ACA5D4">>},
 {<<"quickrand">>, <<"E3086A153EB13A057FC19192D05E2D4C6BB2BDBB55746A699BEAE9847AC17CA8">>},
 {<<"ranch">>, <<"6B1FAB51B49196860B733A49C07604465A47BDB78AA10C1C16A3D199F7F8C881">>},
 {<<"uuid_erl">>, <<"3862FF9A21C42566DFD0376B97512FA202922897129E09A05E2AFA0D9CAFD97A">>}]},
{pkg_hash_ext,[
 {<<"cowboy">>, <<"4643E4FBA74AC96D4D152C75803DE6FAD0B3FA5DF354C71AFDD6CBEEB15FAC8A">>},
 {<<"cowlib">>, <<"E4175DC240A70D996156160891E1C62238EDE1729E45740BDD38064DAD476170">>},
 {<<"erlydtl">>, <<"A366C4CD32E8B54D7D0825AA51EF6A12C35D6D558BEFFC276275AD335B1FDBED">>},
 {<<"jhn_stdlib">>, <<"15F38D1EB9F0DD15FFB070633E3D0263072A439BC0A9A7F79ECDCB6575D3CD04">>},
 {<<"nova_modern">>, <<"6443150B2B1B7C5991D5172A0C140EEF9D4AA2F8035BD944B6EACE3639D61308">>},
 {<<"quickrand">>, <<"6A1DA81FE098C0DFCFB55C5E35C20BE430128E88BBFA03D18FCF9E0EE8E342D7">>},
 {<<"ranch">>, <<"451D8527787DF716D99DC36162FCA05934915DB0B6141BBDAC2EA8D3C7AFC7D7">>},
 {<<"uuid_erl">>, <<"6529F1C5D8C6B796374318FD1966659FAA6EE832C914E93B1DEB1D4701694AA9">>}]}
].
